
Microsoft Visual Studio Solution File, Format Version 12.00
# Visual Studio Version 16
VisualStudioVersion = 16.0.32106.194
MinimumVisualStudioVersion = 10.0.40219.1
Project("{FAE04EC0-301F-11D3-BF4B-00C04F79EFBC}") = "HiTechDatabase", "HiTechDatabase.csproj", "{AD8CE5C1-2CC2-4917-8A95-3DB51527DD7E}"
EndProject
Global
	GlobalSection(SolutionConfigurationPlatforms) = preSolution
		Debug|Any CPU = Debug|Any CPU
		Release|Any CPU = Release|Any CPU
	EndGlobalSection
	GlobalSection(ProjectConfigurationPlatforms) = postSolution
		{AD8CE5C1-2CC2-4917-8A95-3DB51527DD7E}.Debug|Any CPU.ActiveCfg = Debug|Any CPU
		{AD8CE5C1-2CC2-4917-8A95-3DB51527DD7E}.Debug|Any CPU.Build.0 = Debug|Any CPU
		{AD8CE5C1-2CC2-4917-8A95-3DB51527DD7E}.Release|Any CPU.ActiveCfg = Release|Any CPU
		{AD8CE5C1-2CC2-4917-8A95-3DB51527DD7E}.Release|Any CPU.Build.0 = Release|Any CPU
	EndGlobalSection
	GlobalSection(SolutionProperties) = preSolution
		HideSolutionNode = FALSE
	EndGlobalSection
	GlobalSection(ExtensibilityGlobals) = postSolution
		SolutionGuid = {D5866808-B1BE-42A0-9545-7882F51AA83E}
	EndGlobalSection
EndGlobal
